Microsoft Visual Studio Solution File, Format Version 11.00
# Visual Studio 2008

Project("{BCCC0303-6D30-C876-B458-8266A4874364}") = "Port prototype", "Assembly-CSharp-firstpass.csproj", "{5D48BC6A-C120-B3AE-F8AA-661F1A045E67}"
EndProject
Project("{BCCC0303-6D30-C876-B458-8266A4874364}") = "Port prototype", "Assembly-CSharp.csproj", "{87162C63-D1F4-6918-5151-9C82F43862C5}"
EndProject
Global
	GlobalSection(SolutionConfigurationPlatforms) = preSolution
		Debug|Any CPU = Debug|Any CPU
		Release|Any CPU = Release|Any CPU
	EndGlobalSection
	GlobalSection(ProjectConfigurationPlatforms) = postSolution
		{5D48BC6A-C120-B3AE-F8AA-661F1A045E67}.Debug|Any CPU.ActiveCfg = Debug|Any CPU
		{5D48BC6A-C120-B3AE-F8AA-661F1A045E67}.Debug|Any CPU.Build.0 = Debug|Any CPU
		{5D48BC6A-C120-B3AE-F8AA-661F1A045E67}.Release|Any CPU.ActiveCfg = Release|Any CPU
		{5D48BC6A-C120-B3AE-F8AA-661F1A045E67}.Release|Any CPU.Build.0 = Release|Any CPU
		{87162C63-D1F4-6918-5151-9C82F43862C5}.Debug|Any CPU.ActiveCfg = Debug|Any CPU
		{87162C63-D1F4-6918-5151-9C82F43862C5}.Debug|Any CPU.Build.0 = Debug|Any CPU
		{87162C63-D1F4-6918-5151-9C82F43862C5}.Release|Any CPU.ActiveCfg = Release|Any CPU
		{87162C63-D1F4-6918-5151-9C82F43862C5}.Release|Any CPU.Build.0 = Release|Any CPU
	EndGlobalSection
	GlobalSection(SolutionProperties) = preSolution
		HideSolutionNode = FALSE
	EndGlobalSection
	GlobalSection(MonoDevelopProperties) = preSolution
		StartupItem = Assembly-CSharp.csproj
	EndGlobalSection
EndGlobal
